// !$*UTF8*$!
{
	archiveVersion = 1;
	classes = {
	};
	objectVersion = 46;
	objects = {

/* Begin PBXBuildFile section */
		15C174AC1AAFA7050066ADAC /* QuartzCore.framework in Frameworks */ = {isa = PBXBuildFile; fileRef = 15C174AB1AAFA7050066ADAC /* QuartzCore.framework */; };
		96074D7C1814E760000EF3CC /* fenway_test.csv in Resources */ = {isa = PBXBuildFile; fileRef = 96074D7B1814E760000EF3CC /* fenway_test.csv */; };
		96170DBB18E605D6002AE26C /* Social.framework in Frameworks */ = {isa = PBXBuildFile; fileRef = 96170DBA18E605D6002AE26C /* Social.framework */; };
		961A56091B63415C0020C2B1 /* HSSectLayer.swift in Sources */ = {isa = PBXBuildFile; fileRef = 961A56081B63415C0020C2B1 /* HSSectLayer.swift */; };
		96B9264B16E0729400E1BA07 /* UIKit.framework in Frameworks */ = {isa = PBXBuildFile; fileRef = 96B9264A16E0729400E1BA07 /* UIKit.framework */; };
		96B9264D16E0729400E1BA07 /* Foundation.framework in Frameworks */ = {isa = PBXBuildFile; fileRef = 96B9264C16E0729400E1BA07 /* Foundation.framework */; };
		96B9264F16E0729400E1BA07 /* CoreGraphics.framework in Frameworks */ = {isa = PBXBuildFile; fileRef = 96B9264E16E0729400E1BA07 /* CoreGraphics.framework */; };
		96B9265516E0729400E1BA07 /* InfoPlist.strings in Resources */ = {isa = PBXBuildFile; fileRef = 96B9265316E0729400E1BA07 /* InfoPlist.strings */; };
		96B9265D16E0729400E1BA07 /* Default.png in Resources */ = {isa = PBXBuildFile; fileRef = 96B9265C16E0729400E1BA07 /* Default.png */; };
		96B9265F16E0729400E1BA07 /* Default@2x.png in Resources */ = {isa = PBXBuildFile; fileRef = 96B9265E16E0729400E1BA07 /* Default@2x.png */; };
		96B9266116E0729400E1BA07 /* Default-568h@2x.png in Resources */ = {isa = PBXBuildFile; fileRef = 96B9266016E0729400E1BA07 /* Default-568h@2x.png */; };
		96B9266416E0729400E1BA07 /* MainStoryboard_iPhone.storyboard in Resources */ = {isa = PBXBuildFile; fileRef = 96B9266216E0729400E1BA07 /* MainStoryboard_iPhone.storyboard */; };
		96B9266716E0729400E1BA07 /* MainStoryboard_iPad.storyboard in Resources */ = {isa = PBXBuildFile; fileRef = 96B9266516E0729400E1BA07 /* MainStoryboard_iPad.storyboard */; };
		96B9267216E0729400E1BA07 /* SenTestingKit.framework in Frameworks */ = {isa = PBXBuildFile; fileRef = 96B9267116E0729400E1BA07 /* SenTestingKit.framework */; };
		96B9267316E0729400E1BA07 /* UIKit.framework in Frameworks */ = {isa = PBXBuildFile; fileRef = 96B9264A16E0729400E1BA07 /* UIKit.framework */; };
		96B9267416E0729400E1BA07 /* Foundation.framework in Frameworks */ = {isa = PBXBuildFile; fileRef = 96B9264C16E0729400E1BA07 /* Foundation.framework */; };
		96B9267C16E0729400E1BA07 /* InfoPlist.strings in Resources */ = {isa = PBXBuildFile; fileRef = 96B9267A16E0729400E1BA07 /* InfoPlist.strings */; };
		96B9267F16E0729400E1BA07 /* HotSeatsTests.m in Sources */ = {isa = PBXBuildFile; fileRef = 96B9267E16E0729400E1BA07 /* HotSeatsTests.m */; };
		96B9269A16E0772E00E1BA07 /* CoreTelephony.framework in Frameworks */ = {isa = PBXBuildFile; fileRef = 96B9269916E0772E00E1BA07 /* CoreTelephony.framework */; };
		96B9269C16E0773600E1BA07 /* libsqlite3.dylib in Frameworks */ = {isa = PBXBuildFile; fileRef = 96B9269B16E0773600E1BA07 /* libsqlite3.dylib */; };
		96B9269E16E0773D00E1BA07 /* libz.dylib in Frameworks */ = {isa = PBXBuildFile; fileRef = 96B9269D16E0773D00E1BA07 /* libz.dylib */; };
		96B926A016E0774400E1BA07 /* MobileCoreServices.framework in Frameworks */ = {isa = PBXBuildFile; fileRef = 96B9269F16E0774400E1BA07 /* MobileCoreServices.framework */; };
		96B926A216E0774A00E1BA07 /* Security.framework in Frameworks */ = {isa = PBXBuildFile; fileRef = 96B926A116E0774A00E1BA07 /* Security.framework */; };
		96B926A416E0775000E1BA07 /* SystemConfiguration.framework in Frameworks */ = {isa = PBXBuildFile; fileRef = 96B926A316E0775000E1BA07 /* SystemConfiguration.framework */; };
		96B926A616E0775900E1BA07 /* Twitter.framework in Frameworks */ = {isa = PBXBuildFile; fileRef = 96B926A516E0775900E1BA07 /* Twitter.framework */; };
		96B926A716E0778000E1BA07 /* CoreLocation.framework in Frameworks */ = {isa = PBXBuildFile; fileRef = 96B9269716E0772800E1BA07 /* CoreLocation.framework */; };
		96B926A816E0778000E1BA07 /* CFNetwork.framework in Frameworks */ = {isa = PBXBuildFile; fileRef = 96B9269516E0772100E1BA07 /* CFNetwork.framework */; };
		96B926A916E0778000E1BA07 /* Accounts.framework in Frameworks */ = {isa = PBXBuildFile; fileRef = 96B9269316E0771900E1BA07 /* Accounts.framework */; };
		D86803331C33A34400CBDDBC /* StadiumView.swift in Sources */ = {isa = PBXBuildFile; fileRef = D86803321C33A34400CBDDBC /* StadiumView.swift */; };
		D86803351C33B69400CBDDBC /* brb.txt in Resources */ = {isa = PBXBuildFile; fileRef = D86803341C33B69400CBDDBC /* brb.txt */; };
		D86803371C33BECB00CBDDBC /* Event.swift in Sources */ = {isa = PBXBuildFile; fileRef = D86803361C33BECB00CBDDBC /* Event.swift */; };
		D86803391C33C26800CBDDBC /* SectionDetailView.xib in Resources */ = {isa = PBXBuildFile; fileRef = D86803381C33C26800CBDDBC /* SectionDetailView.xib */; };
		D8E43FFA1C28FA5D00FBE262 /* AppDelegate.swift in Sources */ = {isa = PBXBuildFile; fileRef = D8E43FF91C28FA5D00FBE262 /* AppDelegate.swift */; };
		D8E43FFC1C28FCC500FBE262 /* MainViewController.swift in Sources */ = {isa = PBXBuildFile; fileRef = D8E43FFB1C28FCC500FBE262 /* MainViewController.swift */; };
		D8E43FFE1C2907BC00FBE262 /* StadiumCoordinateParser.swift in Sources */ = {isa = PBXBuildFile; fileRef = D8E43FFD1C2907BB00FBE262 /* StadiumCoordinateParser.swift */; };
		D8E440001C2913E400FBE262 /* Section.swift in Sources */ = {isa = PBXBuildFile; fileRef = D8E43FFF1C2913E400FBE262 /* Section.swift */; };
		D8E440021C2919E400FBE262 /* Stadium.swift in Sources */ = {isa = PBXBuildFile; fileRef = D8E440011C2919E400FBE262 /* Stadium.swift */; };
		D8EBBEAD1C35116600EB9E44 /* SectionDetailView.swift in Sources */ = {isa = PBXBuildFile; fileRef = D8EBBEAC1C35116600EB9E44 /* SectionDetailView.swift */; };
/* End PBXBuildFile section */

/* Begin PBXContainerItemProxy section */
		96B9267516E0729400E1BA07 /* PBXContainerItemProxy */ = {
			isa = PBXContainerItemProxy;
			containerPortal = 96B9263F16E0729400E1BA07 /* Project object */;
			proxyType = 1;
			remoteGlobalIDString = 96B9264616E0729400E1BA07;
			remoteInfo = HotSeats;
		};
/* End PBXContainerItemProxy section */

/* Begin PBXFileReference section */
		15C174AB1AAFA7050066ADAC /* QuartzCore.framework */ = {isa = PBXFileReference; lastKnownFileType = wrapper.framework; name = QuartzCore.framework; path = System/Library/Frameworks/QuartzCore.framework; sourceTree = SDKROOT; };
		96074D7B1814E760000EF3CC /* fenway_test.csv */ = {isa = PBXFileReference; fileEncoding = 4; lastKnownFileType = text; name = fenway_test.csv; path = data/fenway_test.csv; sourceTree = "<group>"; };
		96170DBA18E605D6002AE26C /* Social.framework */ = {isa = PBXFileReference; lastKnownFileType = wrapper.framework; name = Social.framework; path = System/Library/Frameworks/Social.framework; sourceTree = SDKROOT; };
		961A56071B63415B0020C2B1 /* HotSeats-Bridging-Header.h */ = {isa = PBXFileReference; lastKnownFileType = sourcecode.c.h; path = "HotSeats-Bridging-Header.h"; sourceTree = "<group>"; };
		961A56081B63415C0020C2B1 /* HSSectLayer.swift */ = {isa = PBXFileReference; fileEncoding = 4; lastKnownFileType = sourcecode.swift; name = HSSectLayer.swift; path = views/HSSectLayer.swift; sourceTree = "<group>"; };
		96B9264716E0729400E1BA07 /* HotSeats.app */ = {isa = PBXFileReference; explicitFileType = wrapper.application; includeInIndex = 0; path = HotSeats.app; sourceTree = BUILT_PRODUCTS_DIR; };
		96B9264A16E0729400E1BA07 /* UIKit.framework */ = {isa = PBXFileReference; lastKnownFileType = wrapper.framework; name = UIKit.framework; path = System/Library/Frameworks/UIKit.framework; sourceTree = SDKROOT; };
		96B9264C16E0729400E1BA07 /* Foundation.framework */ = {isa = PBXFileReference; lastKnownFileType = wrapper.framework; name = Foundation.framework; path = System/Library/Frameworks/Foundation.framework; sourceTree = SDKROOT; };
		96B9264E16E0729400E1BA07 /* CoreGraphics.framework */ = {isa = PBXFileReference; lastKnownFileType = wrapper.framework; name = CoreGraphics.framework; path = System/Library/Frameworks/CoreGraphics.framework; sourceTree = SDKROOT; };
		96B9265216E0729400E1BA07 /* HotSeats-Info.plist */ = {isa = PBXFileReference; lastKnownFileType = text.plist.xml; path = "HotSeats-Info.plist"; sourceTree = "<group>"; };
		96B9265416E0729400E1BA07 /* en */ = {isa = PBXFileReference; lastKnownFileType = text.plist.strings; name = en; path = en.lproj/InfoPlist.strings; sourceTree = "<group>"; };
		96B9265816E0729400E1BA07 /* HotSeats-Prefix.pch */ = {isa = PBXFileReference; lastKnownFileType = sourcecode.c.h; path = "HotSeats-Prefix.pch"; sourceTree = "<group>"; };
		96B9265C16E0729400E1BA07 /* Default.png */ = {isa = PBXFileReference; lastKnownFileType = image.png; name = Default.png; path = resources/Default.png; sourceTree = "<group>"; };
		96B9265E16E0729400E1BA07 /* Default@2x.png */ = {isa = PBXFileReference; lastKnownFileType = image.png; name = "Default@2x.png"; path = "resources/Default@2x.png"; sourceTree = "<group>"; };
		96B9266016E0729400E1BA07 /* Default-568h@2x.png */ = {isa = PBXFileReference; lastKnownFileType = image.png; name = "Default-568h@2x.png"; path = "resources/Default-568h@2x.png"; sourceTree = "<group>"; };
		96B9266316E0729400E1BA07 /* en */ = {isa = PBXFileReference; lastKnownFileType = file.storyboard; name = en; path = en.lproj/MainStoryboard_iPhone.storyboard; sourceTree = "<group>"; };
		96B9266616E0729400E1BA07 /* en */ = {isa = PBXFileReference; lastKnownFileType = file.storyboard; name = en; path = en.lproj/MainStoryboard_iPad.storyboard; sourceTree = "<group>"; };
		96B9267016E0729400E1BA07 /* HotSeatsTests.octest */ = {isa = PBXFileReference; explicitFileType = wrapper.cfbundle; includeInIndex = 0; path = HotSeatsTests.octest; sourceTree = BUILT_PRODUCTS_DIR; };
		96B9267116E0729400E1BA07 /* SenTestingKit.framework */ = {isa = PBXFileReference; lastKnownFileType = wrapper.framework; name = SenTestingKit.framework; path = Library/Frameworks/SenTestingKit.framework; sourceTree = DEVELOPER_DIR; };
		96B9267916E0729400E1BA07 /* HotSeatsTests-Info.plist */ = {isa = PBXFileReference; lastKnownFileType = text.plist.xml; path = "HotSeatsTests-Info.plist"; sourceTree = "<group>"; };
		96B9267B16E0729400E1BA07 /* en */ = {isa = PBXFileReference; lastKnownFileType = text.plist.strings; name = en; path = en.lproj/InfoPlist.strings; sourceTree = "<group>"; };
		96B9267D16E0729400E1BA07 /* HotSeatsTests.h */ = {isa = PBXFileReference; lastKnownFileType = sourcecode.c.h; path = HotSeatsTests.h; sourceTree = "<group>"; };
		96B9267E16E0729400E1BA07 /* HotSeatsTests.m */ = {isa = PBXFileReference; lastKnownFileType = sourcecode.c.objc; path = HotSeatsTests.m; sourceTree = "<group>"; };
		96B9269316E0771900E1BA07 /* Accounts.framework */ = {isa = PBXFileReference; lastKnownFileType = wrapper.framework; name = Accounts.framework; path = System/Library/Frameworks/Accounts.framework; sourceTree = SDKROOT; };
		96B9269516E0772100E1BA07 /* CFNetwork.framework */ = {isa = PBXFileReference; lastKnownFileType = wrapper.framework; name = CFNetwork.framework; path = System/Library/Frameworks/CFNetwork.framework; sourceTree = SDKROOT; };
		96B9269716E0772800E1BA07 /* CoreLocation.framework */ = {isa = PBXFileReference; lastKnownFileType = wrapper.framework; name = CoreLocation.framework; path = System/Library/Frameworks/CoreLocation.framework; sourceTree = SDKROOT; };
		96B9269916E0772E00E1BA07 /* CoreTelephony.framework */ = {isa = PBXFileReference; lastKnownFileType = wrapper.framework; name = CoreTelephony.framework; path = System/Library/Frameworks/CoreTelephony.framework; sourceTree = SDKROOT; };
		96B9269B16E0773600E1BA07 /* libsqlite3.dylib */ = {isa = PBXFileReference; lastKnownFileType = "compiled.mach-o.dylib"; name = libsqlite3.dylib; path = usr/lib/libsqlite3.dylib; sourceTree = SDKROOT; };
		96B9269D16E0773D00E1BA07 /* libz.dylib */ = {isa = PBXFileReference; lastKnownFileType = "compiled.mach-o.dylib"; name = libz.dylib; path = usr/lib/libz.dylib; sourceTree = SDKROOT; };
		96B9269F16E0774400E1BA07 /* MobileCoreServices.framework */ = {isa = PBXFileReference; lastKnownFileType = wrapper.framework; name = MobileCoreServices.framework; path = System/Library/Frameworks/MobileCoreServices.framework; sourceTree = SDKROOT; };
		96B926A116E0774A00E1BA07 /* Security.framework */ = {isa = PBXFileReference; lastKnownFileType = wrapper.framework; name = Security.framework; path = System/Library/Frameworks/Security.framework; sourceTree = SDKROOT; };
		96B926A316E0775000E1BA07 /* SystemConfiguration.framework */ = {isa = PBXFileReference; lastKnownFileType = wrapper.framework; name = SystemConfiguration.framework; path = System/Library/Frameworks/SystemConfiguration.framework; sourceTree = SDKROOT; };
		96B926A516E0775900E1BA07 /* Twitter.framework */ = {isa = PBXFileReference; lastKnownFileType = wrapper.framework; name = Twitter.framework; path = System/Library/Frameworks/Twitter.framework; sourceTree = SDKROOT; };
		D86803321C33A34400CBDDBC /* StadiumView.swift */ = {isa = PBXFileReference; fileEncoding = 4; lastKnownFileType = sourcecode.swift; name = StadiumView.swift; path = views/StadiumView.swift; sourceTree = "<group>"; };
		D86803341C33B69400CBDDBC /* brb.txt */ = {isa = PBXFileReference; fileEncoding = 4; lastKnownFileType = text; path = brb.txt; sourceTree = "<group>"; };
		D86803361C33BECB00CBDDBC /* Event.swift */ = {isa = PBXFileReference; fileEncoding = 4; lastKnownFileType = sourcecode.swift; name = Event.swift; path = model/Event.swift; sourceTree = "<group>"; };
		D86803381C33C26800CBDDBC /* SectionDetailView.xib */ = {isa = PBXFileReference; fileEncoding = 4; lastKnownFileType = file.xib; path = SectionDetailView.xib; sourceTree = "<group>"; };
		D8E43FF91C28FA5D00FBE262 /* AppDelegate.swift */ = {isa = PBXFileReference; fileEncoding = 4; lastKnownFileType = sourcecode.swift; path = AppDelegate.swift; sourceTree = "<group>"; };
		D8E43FFB1C28FCC500FBE262 /* MainViewController.swift */ = {isa = PBXFileReference; fileEncoding = 4; lastKnownFileType = sourcecode.swift; name = MainViewController.swift; path = controllers/MainViewController.swift; sourceTree = "<group>"; };
		D8E43FFD1C2907BB00FBE262 /* StadiumCoordinateParser.swift */ = {isa = PBXFileReference; fileEncoding = 4; lastKnownFileType = sourcecode.swift; path = StadiumCoordinateParser.swift; sourceTree = "<group>"; };
		D8E43FFF1C2913E400FBE262 /* Section.swift */ = {isa = PBXFileReference; fileEncoding = 4; lastKnownFileType = sourcecode.swift; name = Section.swift; path = model/Section.swift; sourceTree = "<group>"; };
		D8E440011C2919E400FBE262 /* Stadium.swift */ = {isa = PBXFileReference; fileEncoding = 4; lastKnownFileType = sourcecode.swift; name = Stadium.swift; path = model/Stadium.swift; sourceTree = "<group>"; };
		D8EBBEAC1C35116600EB9E44 /* SectionDetailView.swift */ = {isa = PBXFileReference; fileEncoding = 4; lastKnownFileType = sourcecode.swift; name = SectionDetailView.swift; path = views/SectionDetailView.swift; sourceTree = "<group>"; };
/* End PBXFileReference section */

/* Begin PBXFrameworksBuildPhase section */
		96B9264416E0729400E1BA07 /* Frameworks */ = {
			isa = PBXFrameworksBuildPhase;
			buildActionMask = 2147483647;
			files = (
				15C174AC1AAFA7050066ADAC /* QuartzCore.framework in Frameworks */,
				96170DBB18E605D6002AE26C /* Social.framework in Frameworks */,
				96B926A616E0775900E1BA07 /* Twitter.framework in Frameworks */,
				96B926A416E0775000E1BA07 /* SystemConfiguration.framework in Frameworks */,
				96B926A216E0774A00E1BA07 /* Security.framework in Frameworks */,
				96B926A016E0774400E1BA07 /* MobileCoreServices.framework in Frameworks */,
				96B9269E16E0773D00E1BA07 /* libz.dylib in Frameworks */,
				96B9269C16E0773600E1BA07 /* libsqlite3.dylib in Frameworks */,
				96B9269A16E0772E00E1BA07 /* CoreTelephony.framework in Frameworks */,
				96B9264B16E0729400E1BA07 /* UIKit.framework in Frameworks */,
				96B9264D16E0729400E1BA07 /* Foundation.framework in Frameworks */,
				96B926A716E0778000E1BA07 /* CoreLocation.framework in Frameworks */,
				96B926A816E0778000E1BA07 /* CFNetwork.framework in Frameworks */,
				96B926A916E0778000E1BA07 /* Accounts.framework in Frameworks */,
				96B9264F16E0729400E1BA07 /* CoreGraphics.framework in Frameworks */,
			);
			runOnlyForDeploymentPostprocessing = 0;
		};
		96B9266C16E0729400E1BA07 /* Frameworks */ = {
			isa = PBXFrameworksBuildPhase;
			buildActionMask = 2147483647;
			files = (
				96B9267216E0729400E1BA07 /* SenTestingKit.framework in Frameworks */,
				96B9267316E0729400E1BA07 /* UIKit.framework in Frameworks */,
				96B9267416E0729400E1BA07 /* Foundation.framework in Frameworks */,
			);
			runOnlyForDeploymentPostprocessing = 0;
		};
/* End PBXFrameworksBuildPhase section */

/* Begin PBXGroup section */
		96B9263E16E0729400E1BA07 = {
			isa = PBXGroup;
			children = (
				96B9265016E0729400E1BA07 /* HotSeats */,
				96B9267716E0729400E1BA07 /* HotSeatsTests */,
				96B9264916E0729400E1BA07 /* Frameworks */,
				96B9264816E0729400E1BA07 /* Products */,
			);
			sourceTree = "<group>";
		};
		96B9264816E0729400E1BA07 /* Products */ = {
			isa = PBXGroup;
			children = (
				96B9264716E0729400E1BA07 /* HotSeats.app */,
				96B9267016E0729400E1BA07 /* HotSeatsTests.octest */,
			);
			name = Products;
			sourceTree = "<group>";
		};
		96B9264916E0729400E1BA07 /* Frameworks */ = {
			isa = PBXGroup;
			children = (
				15C174AB1AAFA7050066ADAC /* QuartzCore.framework */,
				96170DBA18E605D6002AE26C /* Social.framework */,
				96B926A516E0775900E1BA07 /* Twitter.framework */,
				96B926A316E0775000E1BA07 /* SystemConfiguration.framework */,
				96B926A116E0774A00E1BA07 /* Security.framework */,
				96B9269F16E0774400E1BA07 /* MobileCoreServices.framework */,
				96B9269D16E0773D00E1BA07 /* libz.dylib */,
				96B9269B16E0773600E1BA07 /* libsqlite3.dylib */,
				96B9269916E0772E00E1BA07 /* CoreTelephony.framework */,
				96B9269716E0772800E1BA07 /* CoreLocation.framework */,
				96B9269516E0772100E1BA07 /* CFNetwork.framework */,
				96B9269316E0771900E1BA07 /* Accounts.framework */,
				96B9264A16E0729400E1BA07 /* UIKit.framework */,
				96B9264C16E0729400E1BA07 /* Foundation.framework */,
				96B9264E16E0729400E1BA07 /* CoreGraphics.framework */,
				96B9267116E0729400E1BA07 /* SenTestingKit.framework */,
			);
			name = Frameworks;
			sourceTree = "<group>";
		};
		96B9265016E0729400E1BA07 /* HotSeats */ = {
			isa = PBXGroup;
			children = (
				D8E43FF91C28FA5D00FBE262 /* AppDelegate.swift */,
				D8E43FFD1C2907BB00FBE262 /* StadiumCoordinateParser.swift */,
				D8E440061C2936F400FBE262 /* controllers */,
				D8E440051C2936E300FBE262 /* model */,
				D839EF7A1C27AB390012D083 /* views */,
				D839EF791C27AB260012D083 /* data */,
				96B9265116E0729400E1BA07 /* Supporting Files */,
				961A56071B63415B0020C2B1 /* HotSeats-Bridging-Header.h */,
			);
			path = HotSeats;
			sourceTree = "<group>";
		};
		96B9265116E0729400E1BA07 /* Supporting Files */ = {
			isa = PBXGroup;
			children = (
				96B9265216E0729400E1BA07 /* HotSeats-Info.plist */,
				96B9265316E0729400E1BA07 /* InfoPlist.strings */,
				96B9265816E0729400E1BA07 /* HotSeats-Prefix.pch */,
				96B9265C16E0729400E1BA07 /* Default.png */,
				96B9265E16E0729400E1BA07 /* Default@2x.png */,
				96B9266016E0729400E1BA07 /* Default-568h@2x.png */,
			);
			name = "Supporting Files";
			sourceTree = "<group>";
		};
		96B9267716E0729400E1BA07 /* HotSeatsTests */ = {
			isa = PBXGroup;
			children = (
				96B9267D16E0729400E1BA07 /* HotSeatsTests.h */,
				96B9267E16E0729400E1BA07 /* HotSeatsTests.m */,
				96B9267816E0729400E1BA07 /* Supporting Files */,
			);
			path = HotSeatsTests;
			sourceTree = "<group>";
		};
		96B9267816E0729400E1BA07 /* Supporting Files */ = {
			isa = PBXGroup;
			children = (
				96B9267916E0729400E1BA07 /* HotSeatsTests-Info.plist */,
				96B9267A16E0729400E1BA07 /* InfoPlist.strings */,
			);
			name = "Supporting Files";
			sourceTree = "<group>";
		};
		D839EF791C27AB260012D083 /* data */ = {
			isa = PBXGroup;
			children = (
				96074D7B1814E760000EF3CC /* fenway_test.csv */,
				D86803341C33B69400CBDDBC /* brb.txt */,
			);
			name = data;
			sourceTree = "<group>";
		};
		D839EF7A1C27AB390012D083 /* views */ = {
			isa = PBXGroup;
			children = (
				961A56081B63415C0020C2B1 /* HSSectLayer.swift */,
				D86803321C33A34400CBDDBC /* StadiumView.swift */,
				D8EBBEAC1C35116600EB9E44 /* SectionDetailView.swift */,
				D839EF7B1C27AB670012D083 /* resources */,
			);
			name = views;
			sourceTree = "<group>";
		};
		D839EF7B1C27AB670012D083 /* resources */ = {
			isa = PBXGroup;
			children = (
				96B9266216E0729400E1BA07 /* MainStoryboard_iPhone.storyboard */,
				96B9266516E0729400E1BA07 /* MainStoryboard_iPad.storyboard */,
				D86803381C33C26800CBDDBC /* SectionDetailView.xib */,
			);
			name = resources;
			sourceTree = "<group>";
		};
		D8E440051C2936E300FBE262 /* model */ = {
			isa = PBXGroup;
			children = (
				D8E43FFF1C2913E400FBE262 /* Section.swift */,
				D8E440011C2919E400FBE262 /* Stadium.swift */,
				D86803361C33BECB00CBDDBC /* Event.swift */,
			);
			name = model;
			sourceTree = "<group>";
		};
		D8E440061C2936F400FBE262 /* controllers */ = {
			isa = PBXGroup;
			children = (
				D8E43FFB1C28FCC500FBE262 /* MainViewController.swift */,
			);
			name = controllers;
			sourceTree = "<group>";
		};
/* End PBXGroup section */

/* Begin PBXNativeTarget section */
		96B9264616E0729400E1BA07 /* HotSeats */ = {
			isa = PBXNativeTarget;
			buildConfigurationList = 96B9268216E0729400E1BA07 /* Build configuration list for PBXNativeTarget "HotSeats" */;
			buildPhases = (
				96B9264316E0729400E1BA07 /* Sources */,
				96B9264416E0729400E1BA07 /* Frameworks */,
				96B9264516E0729400E1BA07 /* Resources */,
			);
			buildRules = (
			);
			dependencies = (
			);
			name = HotSeats;
			productName = HotSeats;
			productReference = 96B9264716E0729400E1BA07 /* HotSeats.app */;
			productType = "com.apple.product-type.application";
		};
		96B9266F16E0729400E1BA07 /* HotSeatsTests */ = {
			isa = PBXNativeTarget;
			buildConfigurationList = 96B9268516E0729400E1BA07 /* Build configuration list for PBXNativeTarget "HotSeatsTests" */;
			buildPhases = (
				96B9266B16E0729400E1BA07 /* Sources */,
				96B9266C16E0729400E1BA07 /* Frameworks */,
				96B9266D16E0729400E1BA07 /* Resources */,
				96B9266E16E0729400E1BA07 /* ShellScript */,
			);
			buildRules = (
			);
			dependencies = (
				96B9267616E0729400E1BA07 /* PBXTargetDependency */,
			);
			name = HotSeatsTests;
			productName = HotSeatsTests;
			productReference = 96B9267016E0729400E1BA07 /* HotSeatsTests.octest */;
			productType = "com.apple.product-type.bundle.ocunit-test";
		};
/* End PBXNativeTarget section */

/* Begin PBXProject section */
		96B9263F16E0729400E1BA07 /* Project object */ = {
			isa = PBXProject;
			attributes = {
				CLASSPREFIX = HS;
				LastSwiftUpdateCheck = 0710;
				LastTestingUpgradeCheck = 0720;
				LastUpgradeCheck = 0720;
				ORGANIZATIONNAME = "Robert King";
			};
			buildConfigurationList = 96B9264216E0729400E1BA07 /* Build configuration list for PBXProject "HotSeats" */;
			compatibilityVersion = "Xcode 3.2";
			developmentRegion = English;
			hasScannedForEncodings = 0;
			knownRegions = (
				en,
			);
			mainGroup = 96B9263E16E0729400E1BA07;
			productRefGroup = 96B9264816E0729400E1BA07 /* Products */;
			projectDirPath = "";
			projectRoot = "";
			targets = (
				96B9264616E0729400E1BA07 /* HotSeats */,
				96B9266F16E0729400E1BA07 /* HotSeatsTests */,
			);
		};
/* End PBXProject section */

/* Begin PBXResourcesBuildPhase section */
		96B9264516E0729400E1BA07 /* Resources */ = {
			isa = PBXResourcesBuildPhase;
			buildActionMask = 2147483647;
			files = (
				96B9265516E0729400E1BA07 /* InfoPlist.strings in Resources */,
				96B9265D16E0729400E1BA07 /* Default.png in Resources */,
				D86803391C33C26800CBDDBC /* SectionDetailView.xib in Resources */,
				96074D7C1814E760000EF3CC /* fenway_test.csv in Resources */,
				D86803351C33B69400CBDDBC /* brb.txt in Resources */,
				96B9265F16E0729400E1BA07 /* Default@2x.png in Resources */,
				96B9266116E0729400E1BA07 /* Default-568h@2x.png in Resources */,
				96B9266416E0729400E1BA07 /* MainStoryboard_iPhone.storyboard in Resources */,
				96B9266716E0729400E1BA07 /* MainStoryboard_iPad.storyboard in Resources */,
			);
			runOnlyForDeploymentPostprocessing = 0;
		};
		96B9266D16E0729400E1BA07 /* Resources */ = {
			isa = PBXResourcesBuildPhase;
			buildActionMask = 2147483647;
			files = (
				96B9267C16E0729400E1BA07 /* InfoPlist.strings in Resources */,
			);
			runOnlyForDeploymentPostprocessing = 0;
		};
/* End PBXResourcesBuildPhase section */

/* Begin PBXShellScriptBuildPhase section */
		96B9266E16E0729400E1BA07 /* ShellScript */ = {
			isa = PBXShellScriptBuildPhase;
			buildActionMask = 2147483647;
			files = (
			);
			inputPaths = (
			);
			outputPaths = (
			);
			runOnlyForDeploymentPostprocessing = 0;
			shellPath = /bin/sh;
			shellScript = "# Run the unit tests in this test bundle.\n\"${SYSTEM_DEVELOPER_DIR}/Tools/RunUnitTests\"\n";
		};
/* End PBXShellScriptBuildPhase section */

/* Begin PBXSourcesBuildPhase section */
		96B9264316E0729400E1BA07 /* Sources */ = {
			isa = PBXSourcesBuildPhase;
			buildActionMask = 2147483647;
			files = (
				D86803371C33BECB00CBDDBC /* Event.swift in Sources */,
				D8E43FFA1C28FA5D00FBE262 /* AppDelegate.swift in Sources */,
				961A56091B63415C0020C2B1 /* HSSectLayer.swift in Sources */,
				D8E43FFE1C2907BC00FBE262 /* StadiumCoordinateParser.swift in Sources */,
				D8E440001C2913E400FBE262 /* Section.swift in Sources */,
				D8EBBEAD1C35116600EB9E44 /* SectionDetailView.swift in Sources */,
				D8E43FFC1C28FCC500FBE262 /* MainViewController.swift in Sources */,
				D86803331C33A34400CBDDBC /* StadiumView.swift in Sources */,
				D8E440021C2919E400FBE262 /* Stadium.swift in Sources */,
			);
			runOnlyForDeploymentPostprocessing = 0;
		};
		96B9266B16E0729400E1BA07 /* Sources */ = {
			isa = PBXSourcesBuildPhase;
			buildActionMask = 2147483647;
			files = (
				96B9267F16E0729400E1BA07 /* HotSeatsTests.m in Sources */,
			);
			runOnlyForDeploymentPostprocessing = 0;
		};
/* End PBXSourcesBuildPhase section */

/* Begin PBXTargetDependency section */
		96B9267616E0729400E1BA07 /* PBXTargetDependency */ = {
			isa = PBXTargetDependency;
			target = 96B9264616E0729400E1BA07 /* HotSeats */;
			targetProxy = 96B9267516E0729400E1BA07 /* PBXContainerItemProxy */;
		};
/* End PBXTargetDependency section */

/* Begin PBXVariantGroup section */
		96B9265316E0729400E1BA07 /* InfoPlist.strings */ = {
			isa = PBXVariantGroup;
			children = (
				96B9265416E0729400E1BA07 /* en */,
			);
			name = InfoPlist.strings;
			sourceTree = "<group>";
		};
		96B9266216E0729400E1BA07 /* MainStoryboard_iPhone.storyboard */ = {
			isa = PBXVariantGroup;
			children = (
				96B9266316E0729400E1BA07 /* en */,
			);
			name = MainStoryboard_iPhone.storyboard;
			sourceTree = "<group>";
		};
		96B9266516E0729400E1BA07 /* MainStoryboard_iPad.storyboard */ = {
			isa = PBXVariantGroup;
			children = (
				96B9266616E0729400E1BA07 /* en */,
			);
			name = MainStoryboard_iPad.storyboard;
			sourceTree = "<group>";
		};
		96B9267A16E0729400E1BA07 /* InfoPlist.strings */ = {
			isa = PBXVariantGroup;
			children = (
				96B9267B16E0729400E1BA07 /* en */,
			);
			name = InfoPlist.strings;
			sourceTree = "<group>";
		};
/* End PBXVariantGroup section */

/* Begin XCBuildConfiguration section */
		96B9268016E0729400E1BA07 /* Debug */ = {
			isa = XCBuildConfiguration;
			buildSettings = {
				ALWAYS_SEARCH_USER_PATHS = NO;
				CLANG_CXX_LANGUAGE_STANDARD = "gnu++0x";
				CLANG_CXX_LIBRARY = "libc++";
				CLANG_ENABLE_OBJC_ARC = YES;
				CLANG_WARN_CONSTANT_CONVERSION = YES;
				CLANG_WARN_EMPTY_BODY = YES;
				CLANG_WARN_ENUM_CONVERSION = YES;
				CLANG_WARN_INT_CONVERSION = YES;
				CLANG_WARN__DUPLICATE_METHOD_MATCH = YES;
				CODE_SIGN_IDENTITY = "iPhone Developer";
				"CODE_SIGN_IDENTITY[sdk=iphoneos*]" = "iPhone Developer";
				COPY_PHASE_STRIP = NO;
				ENABLE_TESTABILITY = YES;
				GCC_C_LANGUAGE_STANDARD = gnu99;
				GCC_DYNAMIC_NO_PIC = NO;
				GCC_OPTIMIZATION_LEVEL = 0;
				GCC_PREPROCESSOR_DEFINITIONS = (
					"DEBUG=1",
					"$(inherited)",
				);
				GCC_SYMBOLS_PRIVATE_EXTERN = NO;
				GCC_WARN_ABOUT_RETURN_TYPE = YES;
				GCC_WARN_UNINITIALIZED_AUTOS = YES;
				GCC_WARN_UNUSED_VARIABLE = YES;
				IPHONEOS_DEPLOYMENT_TARGET = 9.0;
				ONLY_ACTIVE_ARCH = YES;
				SDKROOT = iphoneos;
				TARGETED_DEVICE_FAMILY = "1,2";
			};
			name = Debug;
		};
		96B9268116E0729400E1BA07 /* Release */ = {
			isa = XCBuildConfiguration;
			buildSettings = {
				ALWAYS_SEARCH_USER_PATHS = NO;
				CLANG_CXX_LANGUAGE_STANDARD = "gnu++0x";
				CLANG_CXX_LIBRARY = "libc++";
				CLANG_ENABLE_OBJC_ARC = YES;
				CLANG_WARN_CONSTANT_CONVERSION = YES;
				CLANG_WARN_EMPTY_BODY = YES;
				CLANG_WARN_ENUM_CONVERSION = YES;
				CLANG_WARN_INT_CONVERSION = YES;
				CLANG_WARN__DUPLICATE_METHOD_MATCH = YES;
				CODE_SIGN_IDENTITY = "iPhone Developer";
				"CODE_SIGN_IDENTITY[sdk=iphoneos*]" = "iPhone Developer";
				COPY_PHASE_STRIP = YES;
				GCC_C_LANGUAGE_STANDARD = gnu99;
				GCC_WARN_ABOUT_RETURN_TYPE = YES;
				GCC_WARN_UNINITIALIZED_AUTOS = YES;
				GCC_WARN_UNUSED_VARIABLE = YES;
				IPHONEOS_DEPLOYMENT_TARGET = 9.0;
				OTHER_CFLAGS = "-DNS_BLOCK_ASSERTIONS=1";
				SDKROOT = iphoneos;
				TARGETED_DEVICE_FAMILY = "1,2";
				VALIDATE_PRODUCT = YES;
			};
			name = Release;
		};
		96B9268316E0729400E1BA07 /* Debug */ = {
			isa = XCBuildConfiguration;
			buildSettings = {
				CLANG_ENABLE_MODULES = YES;
				DEFINES_MODULE = YES;
				FRAMEWORK_SEARCH_PATHS = (
					"$(inherited)",
					"$(SRCROOT)",
					"$(PROJECT_DIR)",
				);
				GCC_PRECOMPILE_PREFIX_HEADER = YES;
				GCC_PREFIX_HEADER = "HotSeats/HotSeats-Prefix.pch";
				INFOPLIST_FILE = "HotSeats/HotSeats-Info.plist";
				IPHONEOS_DEPLOYMENT_TARGET = 9.0;
				LD_RUNPATH_SEARCH_PATHS = "$(inherited) @executable_path/Frameworks";
				LIBRARY_SEARCH_PATHS = (
					"$(inherited)",
					"\"$(SRCROOT)\"",
				);
				MODULE_NAME = "";
				OTHER_LDFLAGS = "-ObjC";
				PRODUCT_BUNDLE_IDENTIFIER = "com.mainelyapps.${PRODUCT_NAME:rfc1034identifier}";
				PRODUCT_NAME = "$(TARGET_NAME)";
				SWIFT_OBJC_BRIDGING_HEADER = "HotSeats/HotSeats-Bridging-Header.h";
				SWIFT_OPTIMIZATION_LEVEL = "-Onone";
				TARGETED_DEVICE_FAMILY = "1,2";
				WRAPPER_EXTENSION = app;
			};
			name = Debug;
		};
		96B9268416E0729400E1BA07 /* Release */ = {
			isa = XCBuildConfiguration;
			buildSettings = {
				CLANG_ENABLE_MODULES = YES;
				DEFINES_MODULE = YES;
				FRAMEWORK_SEARCH_PATHS = (
					"$(inherited)",
					"$(SRCROOT)",
					"$(PROJECT_DIR)",
				);
				GCC_PRECOMPILE_PREFIX_HEADER = YES;
				GCC_PREFIX_HEADER = "HotSeats/HotSeats-Prefix.pch";
				INFOPLIST_FILE = "HotSeats/HotSeats-Info.plist";
				IPHONEOS_DEPLOYMENT_TARGET = 9.0;
				LD_RUNPATH_SEARCH_PATHS = "$(inherited) @executable_path/Frameworks";
				LIBRARY_SEARCH_PATHS = (
					"$(inherited)",
					"\"$(SRCROOT)\"",
				);
				MODULE_NAME = "";
				OTHER_LDFLAGS = "-ObjC";
				PRODUCT_BUNDLE_IDENTIFIER = "com.mainelyapps.${PRODUCT_NAME:rfc1034identifier}";
				PRODUCT_NAME = "$(TARGET_NAME)";
				SWIFT_OBJC_BRIDGING_HEADER = "HotSeats/HotSeats-Bridging-Header.h";
				TARGETED_DEVICE_FAMILY = "1,2";
				WRAPPER_EXTENSION = app;
			};
			name = Release;
		};
		96B9268616E0729400E1BA07 /* Debug */ = {
			isa = XCBuildConfiguration;
			buildSettings = {
				BUNDLE_LOADER = "$(BUILT_PRODUCTS_DIR)/HotSeats.app/HotSeats";
				FRAMEWORK_SEARCH_PATHS = (
					"\"$(SDKROOT)/Developer/Library/Frameworks\"",
					"\"$(DEVELOPER_LIBRARY_DIR)/Frameworks\"",
				);
				GCC_PRECOMPILE_PREFIX_HEADER = YES;
				GCC_PREFIX_HEADER = "HotSeats/HotSeats-Prefix.pch";
				INFOPLIST_FILE = "HotSeatsTests/HotSeatsTests-Info.plist";
				PRODUCT_BUNDLE_IDENTIFIER = "com.mainelyapps.${PRODUCT_NAME:rfc1034identifier}";
				PRODUCT_NAME = "$(TARGET_NAME)";
				TEST_HOST = "$(BUNDLE_LOADER)";
				WRAPPER_EXTENSION = octest;
			};
			name = Debug;
		};
		96B9268716E0729400E1BA07 /* Release */ = {
			isa = XCBuildConfiguration;
			buildSettings = {
				BUNDLE_LOADER = "$(BUILT_PRODUCTS_DIR)/HotSeats.app/HotSeats";
				FRAMEWORK_SEARCH_PATHS = (
					"\"$(SDKROOT)/Developer/Library/Frameworks\"",
					"\"$(DEVELOPER_LIBRARY_DIR)/Frameworks\"",
				);
				GCC_PRECOMPILE_PREFIX_HEADER = YES;
				GCC_PREFIX_HEADER = "HotSeats/HotSeats-Prefix.pch";
				INFOPLIST_FILE = "HotSeatsTests/HotSeatsTests-Info.plist";
				PRODUCT_BUNDLE_IDENTIFIER = "com.mainelyapps.${PRODUCT_NAME:rfc1034identifier}";
				PRODUCT_NAME = "$(TARGET_NAME)";
				TEST_HOST = "$(BUNDLE_LOADER)";
				WRAPPER_EXTENSION = octest;
			};
			name = Release;
		};
/* End XCBuildConfiguration section */

/* Begin XCConfigurationList section */
		96B9264216E0729400E1BA07 /* Build configuration list for PBXProject "HotSeats" */ = {
			isa = XCConfigurationList;
			buildConfigurations = (
				96B9268016E0729400E1BA07 /* Debug */,
				96B9268116E0729400E1BA07 /* Release */,
			);
			defaultConfigurationIsVisible = 0;
			defaultConfigurationName = Release;
		};
		96B9268216E0729400E1BA07 /* Build configuration list for PBXNativeTarget "HotSeats" */ = {
			isa = XCConfigurationList;
			buildConfigurations = (
				96B9268316E0729400E1BA07 /* Debug */,
				96B9268416E0729400E1BA07 /* Release */,
			);
			defaultConfigurationIsVisible = 0;
			defaultConfigurationName = Release;
		};
		96B9268516E0729400E1BA07 /* Build configuration list for PBXNativeTarget "HotSeatsTests" */ = {
			isa = XCConfigurationList;
			buildConfigurations = (
				96B9268616E0729400E1BA07 /* Debug */,
				96B9268716E0729400E1BA07 /* Release */,
			);
			defaultConfigurationIsVisible = 0;
			defaultConfigurationName = Release;
		};
/* End XCConfigurationList section */
	};
	rootObject = 96B9263F16E0729400E1BA07 /* Project object */;
}
